
Microsoft Visual Studio Solution File, Format Version 12.00
# Visual Studio Version 17
VisualStudioVersion = 17.8.34511.84
MinimumVisualStudioVersion = 10.0.40219.1
Project("{FAE04EC0-301F-11D3-BF4B-00C04F79EFBC}") = "FinalCaseForPapara", "FinalCaseForPapara\FinalCaseForPapara.csproj", "{66176528-1743-4D22-BAF5-DFB786140292}"
EndProject
Project("{FAE04EC0-301F-11D3-BF4B-00C04F79EFBC}") = "FinalCaseForPapara.Entity", "FinalCaseForPapara.Entity\FinalCaseForPapara.Entity.csproj", "{30056574-090D-4B9B-91EC-C63614279B62}"
EndProject
Project("{FAE04EC0-301F-11D3-BF4B-00C04F79EFBC}") = "FinalCaseForPapara.DataAccess", "FinalCaseForPapara.DataAccess\FinalCaseForPapara.DataAccess.csproj", "{FAC08315-4AAC-4DA1-9C10-6558DC1B7547}"
EndProject
Project("{FAE04EC0-301F-11D3-BF4B-00C04F79EFBC}") = "FinalCaseForPapara.Business", "FinalCaseForPapara.Business\FinalCaseForPapara.Business.csproj", "{BCEB7A72-D8C9-4740-883B-E207A781C44C}"
EndProject
Project("{FAE04EC0-301F-11D3-BF4B-00C04F79EFBC}") = "FinalCaseForPapara.Dto", "FinalCaseForPapara.Dto\FinalCaseForPapara.Dto.csproj", "{DFF9524B-5E63-4843-B38B-15C281661D4E}"
EndProject
Global
	GlobalSection(SolutionConfigurationPlatforms) = preSolution
		Debug|Any CPU = Debug|Any CPU
		Release|Any CPU = Release|Any CPU
	EndGlobalSection
	GlobalSection(ProjectConfigurationPlatforms) = postSolution
		{66176528-1743-4D22-BAF5-DFB786140292}.Debug|Any CPU.ActiveCfg = Debug|Any CPU
		{66176528-1743-4D22-BAF5-DFB786140292}.Debug|Any CPU.Build.0 = Debug|Any CPU
		{66176528-1743-4D22-BAF5-DFB786140292}.Release|Any CPU.ActiveCfg = Release|Any CPU
		{66176528-1743-4D22-BAF5-DFB786140292}.Release|Any CPU.Build.0 = Release|Any CPU
		{30056574-090D-4B9B-91EC-C63614279B62}.Debug|Any CPU.ActiveCfg = Debug|Any CPU
		{30056574-090D-4B9B-91EC-C63614279B62}.Debug|Any CPU.Build.0 = Debug|Any CPU
		{30056574-090D-4B9B-91EC-C63614279B62}.Release|Any CPU.ActiveCfg = Release|Any CPU
		{30056574-090D-4B9B-91EC-C63614279B62}.Release|Any CPU.Build.0 = Release|Any CPU
		{FAC08315-4AAC-4DA1-9C10-6558DC1B7547}.Debug|Any CPU.ActiveCfg = Debug|Any CPU
		{FAC08315-4AAC-4DA1-9C10-6558DC1B7547}.Debug|Any CPU.Build.0 = Debug|Any CPU
		{FAC08315-4AAC-4DA1-9C10-6558DC1B7547}.Release|Any CPU.ActiveCfg = Release|Any CPU
		{FAC08315-4AAC-4DA1-9C10-6558DC1B7547}.Release|Any CPU.Build.0 = Release|Any CPU
		{BCEB7A72-D8C9-4740-883B-E207A781C44C}.Debug|Any CPU.ActiveCfg = Debug|Any CPU
		{BCEB7A72-D8C9-4740-883B-E207A781C44C}.Debug|Any CPU.Build.0 = Debug|Any CPU
		{BCEB7A72-D8C9-4740-883B-E207A781C44C}.Release|Any CPU.ActiveCfg = Release|Any CPU
		{BCEB7A72-D8C9-4740-883B-E207A781C44C}.Release|Any CPU.Build.0 = Release|Any CPU
		{DFF9524B-5E63-4843-B38B-15C281661D4E}.Debug|Any CPU.ActiveCfg = Debug|Any CPU
		{DFF9524B-5E63-4843-B38B-15C281661D4E}.Debug|Any CPU.Build.0 = Debug|Any CPU
		{DFF9524B-5E63-4843-B38B-15C281661D4E}.Release|Any CPU.ActiveCfg = Release|Any CPU
		{DFF9524B-5E63-4843-B38B-15C281661D4E}.Release|Any CPU.Build.0 = Release|Any CPU
	EndGlobalSection
	GlobalSection(SolutionProperties) = preSolution
		HideSolutionNode = FALSE
	EndGlobalSection
	GlobalSection(ExtensibilityGlobals) = postSolution
		SolutionGuid = {1921F64F-85B1-4CD4-BD26-F6BE639A9E84}
	EndGlobalSection
EndGlobal
